
Microsoft Visual Studio Solution File, Format Version 12.00
# Visual Studio Version 17
VisualStudioVersion = 17.0.31919.166
MinimumVisualStudioVersion = 10.0.40219.1
Project("{2150E333-8FDC-42A3-9474-1A3956D46DE8}") = "Solution Items", "Solution Items", "{A3D25356-28D6-4898-AD91-5D916D1391F3}"
	ProjectSection(SolutionItems) = preProject
		..\Agenda.md = ..\Agenda.md
		QuestionAndAnswer.md = QuestionAndAnswer.md
	EndProjectSection
EndProject
Project("{2150E333-8FDC-42A3-9474-1A3956D46DE8}") = "SOLID", "SOLID", "{3D4687C3-B58E-4ECB-A084-3CE661B6F3A7}"
EndProject
Project("{9A19103F-16F7-4668-BE54-9A1E7A4F7556}") = "SOLID_SingleResponsibilityPrincipe", "SOLID_SingleResponsibilityPrincipe\SOLID_SingleResponsibilityPrincipe.csproj", "{5B5BE944-2B22-4E47-B358-52F7FD673DFF}"
EndProject
Project("{9A19103F-16F7-4668-BE54-9A1E7A4F7556}") = "SOLID_OpenClosePrincipe", "SOLID_OpenClosePrincipe\SOLID_OpenClosePrincipe.csproj", "{C5C8F82C-1094-4CE8-9FD4-C4791AC9223F}"
EndProject
Project("{9A19103F-16F7-4668-BE54-9A1E7A4F7556}") = "SOLID_LizkovischesPrinzip", "SOLID_LizkovischesPrinzip\SOLID_LizkovischesPrinzip.csproj", "{7034DCBA-0BD3-4F81-8ABA-C9D780979430}"
EndProject
Project("{9A19103F-16F7-4668-BE54-9A1E7A4F7556}") = "SOLID_Infertace_Segeration_Principe", "SOLID_Infertace_Segeration_Principe\SOLID_Infertace_Segeration_Principe.csproj", "{5F23F16E-702E-453E-96C2-BCAA2364FC40}"
EndProject
Project("{9A19103F-16F7-4668-BE54-9A1E7A4F7556}") = "SOLID_DependencyInversion", "SOLID_DependencyInversion\SOLID_DependencyInversion.csproj", "{D94B0D42-7051-4D00-863F-4B6B0C2E9E05}"
EndProject
Project("{2150E333-8FDC-42A3-9474-1A3956D46DE8}") = "Labs", "Labs", "{616D274D-004E-4CDD-9732-AB2E34954BA7}"
EndProject
Project("{9A19103F-16F7-4668-BE54-9A1E7A4F7556}") = "Übung_Solid1", "Übung_Solid1\Übung_Solid1.csproj", "{5F4B01F5-29B1-4805-A3AE-C33A52C70338}"
EndProject
Project("{2150E333-8FDC-42A3-9474-1A3956D46DE8}") = "Delegates", "Delegates", "{7DD8BF9B-56D4-4C34-B92A-AFCFB6383C69}"
EndProject
Project("{9A19103F-16F7-4668-BE54-9A1E7A4F7556}") = "DelegatesActionsFuncsSamples", "DelegatesActionsFuncsSamples\DelegatesActionsFuncsSamples.csproj", "{AB67D0C5-434C-48F0-9F8F-9D7337D8F28E}"
EndProject
Project("{9A19103F-16F7-4668-BE54-9A1E7A4F7556}") = "DelegateAndActionsAsCallback", "DelegateAndActionsAsCallback\DelegateAndActionsAsCallback.csproj", "{C080F53E-A5F9-44FC-8434-96ABEFDC5F81}"
EndProject
Project("{9A19103F-16F7-4668-BE54-9A1E7A4F7556}") = "EventAndEventHandler", "EventAndEventHandler\EventAndEventHandler.csproj", "{37101CE5-384D-486E-B973-1E66469CD803}"
EndProject
Project("{2150E333-8FDC-42A3-9474-1A3956D46DE8}") = "Benchmarks", "Benchmarks", "{6CCDBD32-8FA7-4810-BD0E-9826C554C44D}"
EndProject
Project("{9A19103F-16F7-4668-BE54-9A1E7A4F7556}") = "StringBuilderBenchmarkDemo", "StringBuilderBenchmarkDemo\StringBuilderBenchmarkDemo.csproj", "{C5CE51A2-4C08-45C1-9D01-541AFDE3015A}"
EndProject
Project("{2150E333-8FDC-42A3-9474-1A3956D46DE8}") = "DesignPatterns", "DesignPatterns", "{CECD9933-9804-47CF-ABBD-4910BA27F67F}"
EndProject
Project("{9A19103F-16F7-4668-BE54-9A1E7A4F7556}") = "BuilderPattern", "BuilderPattern\BuilderPattern.csproj", "{AF7F1C72-D94A-493D-96B4-E27FA1DD2734}"
EndProject
Project("{9A19103F-16F7-4668-BE54-9A1E7A4F7556}") = "BuilderPattern_with_abstract_Class", "BuilderPattern_with_abstract_Class\BuilderPattern_with_abstract_Class.csproj", "{CB23191C-12FC-48A8-BA9E-14812415B307}"
EndProject
Project("{9A19103F-16F7-4668-BE54-9A1E7A4F7556}") = "BuilderDesignPatternVSFluentBuilder", "BuilderDesignPatternVSFluentBuilder\BuilderDesignPatternVSFluentBuilder.csproj", "{F599EB67-40A9-41E5-8F04-7AE8499FD7DC}"
EndProject
Project("{2150E333-8FDC-42A3-9474-1A3956D46DE8}") = "Threading", "Threading", "{BED21C9E-707C-450E-9046-ABCE69041251}"
EndProject
Project("{9A19103F-16F7-4668-BE54-9A1E7A4F7556}") = "001_ThreadStarten", "001_ThreadStarten\001_ThreadStarten.csproj", "{EB511FDF-DD9D-4EED-97A2-6FE25C0BC515}"
EndProject
Project("{9A19103F-16F7-4668-BE54-9A1E7A4F7556}") = "002_ThreadMitParameterStarten", "002_ThreadMitParameterStarten\002_ThreadMitParameterStarten.csproj", "{6150C928-3482-440D-BFE2-9AC329EE0C7C}"
EndProject
Project("{9A19103F-16F7-4668-BE54-9A1E7A4F7556}") = "003_Thread_Beenden", "Thread_Beenden\003_Thread_Beenden.csproj", "{734CE716-7F6C-467D-9518-9252C9FFAED8}"
EndProject
Project("{9A19103F-16F7-4668-BE54-9A1E7A4F7556}") = "003a_Thread_Beenden", "003a_Thread_Beenden\003a_Thread_Beenden.csproj", "{2F76A93E-9DA6-457D-9AA5-3AE4B7F8E531}"
EndProject
Project("{9A19103F-16F7-4668-BE54-9A1E7A4F7556}") = "003b_Thread_BeendenWithCancelation", "Thread_BeendenWithCancelation\003b_Thread_BeendenWithCancelation.csproj", "{3F7D80DE-DAC3-4AE4-833B-DE4DC915D6E8}"
EndProject
Project("{9A19103F-16F7-4668-BE54-9A1E7A4F7556}") = "004_ThreadWithParametersAndReturnValue", "004_ThreadWithParametersAndReturnValue\004_ThreadWithParametersAndReturnValue.csproj", "{28B32E2D-A163-4FC8-9B18-96C34BE394AF}"
EndProject
Project("{9A19103F-16F7-4668-BE54-9A1E7A4F7556}") = "005_ThreadWithCallback", "005_ThreadWithCallback\005_ThreadWithCallback.csproj", "{94C2BDE6-10EE-4B00-92C1-F339D95B9C5D}"
EndProject
Project("{9A19103F-16F7-4668-BE54-9A1E7A4F7556}") = "006_ThreadPool", "006_ThreadPool\006_ThreadPool.csproj", "{5C51A2A8-4D81-4B88-9AF1-55BFB619DE5D}"
EndProject
Project("{9A19103F-16F7-4668-BE54-9A1E7A4F7556}") = "007_LockSample", "LockSample\007_LockSample.csproj", "{B4232358-6E19-410C-8B78-2B04A1EC8E3A}"
EndProject
Project("{9A19103F-16F7-4668-BE54-9A1E7A4F7556}") = "008_MonitorSample", "008_MonitorSample\008_MonitorSample.csproj", "{8A6D9703-3C50-467C-9F5D-8835DF0C16BE}"
EndProject
Project("{9A19103F-16F7-4668-BE54-9A1E7A4F7556}") = "009_Mutex", "009_Mutex\009_Mutex.csproj", "{FF016C4A-37A3-40A1-A077-370529144EB8}"
EndProject
Project("{9A19103F-16F7-4668-BE54-9A1E7A4F7556}") = "Mutex_ProgramInstance", "Mutex_ProgramInstance\Mutex_ProgramInstance.csproj", "{EF146269-A32A-4C7D-A49D-3A6BD90FC09E}"
EndProject
Project("{2150E333-8FDC-42A3-9474-1A3956D46DE8}") = "TPL", "TPL", "{7EDB5F3E-2B9A-43B9-BCAC-86DBA85F612D}"
EndProject
Project("{9A19103F-16F7-4668-BE54-9A1E7A4F7556}") = "001_Task_starten", "001_Task_starten\001_Task_starten.csproj", "{E3CB758B-AEA9-4638-A6DE-0198FA537B1A}"
EndProject
Project("{9A19103F-16F7-4668-BE54-9A1E7A4F7556}") = "002_Task_Beenden", "002_Task_Beenden\002_Task_Beenden.csproj", "{C04BC33F-FA9D-4573-85F0-0A2B48ABFA64}"
EndProject
Project("{9A19103F-16F7-4668-BE54-9A1E7A4F7556}") = "003_TaskFactorySample", "003_TaskFactorySample\003_TaskFactorySample.csproj", "{C2DA5712-6DD8-4471-8717-6D50143696D0}"
EndProject
Project("{9A19103F-16F7-4668-BE54-9A1E7A4F7556}") = "004_TaskMitParameter", "004_TaskMitParameter\004_TaskMitParameter.csproj", "{173D7FD0-E6B0-4480-B977-4088F6F90377}"
EndProject
Project("{9A19103F-16F7-4668-BE54-9A1E7A4F7556}") = "005_Task_Exceptions", "005_Task_Exceptions\005_Task_Exceptions.csproj", "{BD098A8E-23C2-4C63-95F3-D288A46FE753}"
EndProject
Project("{9A19103F-16F7-4668-BE54-9A1E7A4F7556}") = "006_ContinueWithSample", "006_ContinueWithSample\006_ContinueWithSample.csproj", "{BC5E9AD8-8DAD-4D3E-9832-41DFFDEFBF3D}"
EndProject
Project("{9A19103F-16F7-4668-BE54-9A1E7A4F7556}") = "007_ContinueWithParams", "007_ContinueWithParams\007_ContinueWithParams.csproj", "{8385134A-C9CA-454D-98DF-2E63AA49A170}"
EndProject
Project("{9A19103F-16F7-4668-BE54-9A1E7A4F7556}") = "008_Task_WhenAll", "008_Task_WhenAll\008_Task_WhenAll.csproj", "{D26F68FF-CBB9-4212-AD45-A4168AE31D5A}"
EndProject
Project("{9A19103F-16F7-4668-BE54-9A1E7A4F7556}") = "009_UnwrapSample", "009_UnwrapSample\009_UnwrapSample.csproj", "{357375DC-C4FC-46FC-AD3E-F8F724E349CD}"
EndProject
Project("{9A19103F-16F7-4668-BE54-9A1E7A4F7556}") = "010_ParallelInvokeSample", "010_ParallelInvokeSample\010_ParallelInvokeSample.csproj", "{A45464CB-48CD-4458-85DF-B107B11F98CB}"
EndProject
Project("{9A19103F-16F7-4668-BE54-9A1E7A4F7556}") = "BenchmarkTestParallelForVsFor", "BenchmarkTestParallelForVsFor\BenchmarkTestParallelForVsFor.csproj", "{765D9CC7-F2D5-4C24-9478-BCBBAB762A8F}"
EndProject
Project("{9A19103F-16F7-4668-BE54-9A1E7A4F7556}") = "FileStreamPerformanceWithNET5", "FileStreamPerformanceWithNET5\FileStreamPerformanceWithNET5.csproj", "{60CA8BCD-A1A3-4F63-8BE3-1E72630E6928}"
EndProject
Project("{9A19103F-16F7-4668-BE54-9A1E7A4F7556}") = "FileStreamPerformanceWithNET6", "FileStreamPerformanceWithNET6\FileStreamPerformanceWithNET6.csproj", "{C6883327-0851-4FAC-ADB2-430019CCF4C8}"
EndProject
Project("{2150E333-8FDC-42A3-9474-1A3956D46DE8}") = "Generics", "Generics", "{89B95240-EB8F-42A6-97B0-F2340B0CC1D7}"
EndProject
Project("{9A19103F-16F7-4668-BE54-9A1E7A4F7556}") = "HelloGenerics", "HelloGenerics\HelloGenerics.csproj", "{4A1C9AD2-08B7-4F97-BC72-C94E930FE5DE}"
EndProject
Project("{2150E333-8FDC-42A3-9474-1A3956D46DE8}") = "ValueAndReferenceTypes", "ValueAndReferenceTypes", "{AFA5FB38-7A1D-4B38-935D-3D90A130BFA6}"
EndProject
Project("{9A19103F-16F7-4668-BE54-9A1E7A4F7556}") = "ValueAndReferenceType", "ValueAndReferenceType\ValueAndReferenceType.csproj", "{E942FDA9-016A-4A38-B70B-AB69540AAD2F}"
EndProject
Project("{9A19103F-16F7-4668-BE54-9A1E7A4F7556}") = "Modul019_01_StructVsClass", "StructVsClass\Modul019_01_StructVsClass.csproj", "{913D499B-ACEB-449D-AE04-97D9F5FA7EA4}"
EndProject
Project("{9A19103F-16F7-4668-BE54-9A1E7A4F7556}") = "GenericConstraintSample", "GenericConstraintSample\GenericConstraintSample.csproj", "{DACDC743-18C9-4C1E-BF9E-0DFF4D4AAD5C}"
EndProject
Project("{2150E333-8FDC-42A3-9474-1A3956D46DE8}") = "Serialisierung", "Serialisierung", "{CFA6FE61-898A-414D-95DC-D5BF81FC21B8}"
EndProject
Project("{9A19103F-16F7-4668-BE54-9A1E7A4F7556}") = "AsyncAwaitPattern", "AsyncAwaitPattern\AsyncAwaitPattern.csproj", "{F0CA979F-4514-4355-9441-80D2F5D50DCF}"
EndProject
Project("{9A19103F-16F7-4668-BE54-9A1E7A4F7556}") = "HelloSerialization", "HelloSerialization\HelloSerialization.csproj", "{AAE37DF7-0AC0-4A77-9779-BFAB44E9844E}"
EndProject
Project("{2150E333-8FDC-42A3-9474-1A3956D46DE8}") = "Reflections", "Reflections", "{CB9DB4D9-3876-4FDB-8291-E8EE91212ED1}"
EndProject
Project("{9A19103F-16F7-4668-BE54-9A1E7A4F7556}") = "Taschenrechner", "Taschenrechner\Taschenrechner.csproj", "{7350BEA1-FA58-48F1-AA93-32A8AE533063}"
EndProject
Project("{9A19103F-16F7-4668-BE54-9A1E7A4F7556}") = "TaschenrechnerApp", "TaschenrechnerApp\TaschenrechnerApp.csproj", "{59F7B092-906B-470E-95E8-6547DB0A5B6A}"
EndProject
Project("{2150E333-8FDC-42A3-9474-1A3956D46DE8}") = "Sprachfeatures", "Sprachfeatures", "{4A40E3F0-DB68-4BC8-BD99-2FEAEA716F22}"
EndProject
Project("{FAE04EC0-301F-11D3-BF4B-00C04F79EFBC}") = "CSharp70", "CSharp70\CSharp70.csproj", "{3A23EB45-87B3-458A-BA46-5D5EE712AC79}"
EndProject
Project("{FAE04EC0-301F-11D3-BF4B-00C04F79EFBC}") = "CSharp71", "CSharp71\CSharp71.csproj", "{9C5186CA-74FF-4357-8FC7-C121ADBC0F7A}"
EndProject
Project("{FAE04EC0-301F-11D3-BF4B-00C04F79EFBC}") = "CSharp80", "CSharp80\CSharp80.csproj", "{7066DBD7-CC15-4AEE-BF4A-516E486EFCE3}"
EndProject
Project("{FAE04EC0-301F-11D3-BF4B-00C04F79EFBC}") = "CSharp90", "CSharp90\CSharp90.csproj", "{4B610112-5E65-4BF2-95CC-5E5D6C5EB1BE}"
EndProject
Project("{FAE04EC0-301F-11D3-BF4B-00C04F79EFBC}") = "LinqAndLambda", "LinqAndLambda\LinqAndLambda.csproj", "{90A9999B-D66A-45EF-B492-129A948D033D}"
EndProject
Project("{2150E333-8FDC-42A3-9474-1A3956D46DE8}") = "LinqAndLambda", "LinqAndLambda", "{BA971AC8-DEDE-47F0-8F49-70299A2062BF}"
EndProject
Global
	GlobalSection(SolutionConfigurationPlatforms) = preSolution
		Debug|Any CPU = Debug|Any CPU
		Release|Any CPU = Release|Any CPU
	EndGlobalSection
	GlobalSection(ProjectConfigurationPlatforms) = postSolution
		{5B5BE944-2B22-4E47-B358-52F7FD673DFF}.Debug|Any CPU.ActiveCfg = Debug|Any CPU
		{5B5BE944-2B22-4E47-B358-52F7FD673DFF}.Debug|Any CPU.Build.0 = Debug|Any CPU
		{5B5BE944-2B22-4E47-B358-52F7FD673DFF}.Release|Any CPU.ActiveCfg = Release|Any CPU
		{5B5BE944-2B22-4E47-B358-52F7FD673DFF}.Release|Any CPU.Build.0 = Release|Any CPU
		{C5C8F82C-1094-4CE8-9FD4-C4791AC9223F}.Debug|Any CPU.ActiveCfg = Debug|Any CPU
		{C5C8F82C-1094-4CE8-9FD4-C4791AC9223F}.Debug|Any CPU.Build.0 = Debug|Any CPU
		{C5C8F82C-1094-4CE8-9FD4-C4791AC9223F}.Release|Any CPU.ActiveCfg = Release|Any CPU
		{C5C8F82C-1094-4CE8-9FD4-C4791AC9223F}.Release|Any CPU.Build.0 = Release|Any CPU
		{7034DCBA-0BD3-4F81-8ABA-C9D780979430}.Debug|Any CPU.ActiveCfg = Debug|Any CPU
		{7034DCBA-0BD3-4F81-8ABA-C9D780979430}.Debug|Any CPU.Build.0 = Debug|Any CPU
		{7034DCBA-0BD3-4F81-8ABA-C9D780979430}.Release|Any CPU.ActiveCfg = Release|Any CPU
		{7034DCBA-0BD3-4F81-8ABA-C9D780979430}.Release|Any CPU.Build.0 = Release|Any CPU
		{5F23F16E-702E-453E-96C2-BCAA2364FC40}.Debug|Any CPU.ActiveCfg = Debug|Any CPU
		{5F23F16E-702E-453E-96C2-BCAA2364FC40}.Debug|Any CPU.Build.0 = Debug|Any CPU
		{5F23F16E-702E-453E-96C2-BCAA2364FC40}.Release|Any CPU.ActiveCfg = Release|Any CPU
		{5F23F16E-702E-453E-96C2-BCAA2364FC40}.Release|Any CPU.Build.0 = Release|Any CPU
		{D94B0D42-7051-4D00-863F-4B6B0C2E9E05}.Debug|Any CPU.ActiveCfg = Debug|Any CPU
		{D94B0D42-7051-4D00-863F-4B6B0C2E9E05}.Debug|Any CPU.Build.0 = Debug|Any CPU
		{D94B0D42-7051-4D00-863F-4B6B0C2E9E05}.Release|Any CPU.ActiveCfg = Release|Any CPU
		{D94B0D42-7051-4D00-863F-4B6B0C2E9E05}.Release|Any CPU.Build.0 = Release|Any CPU
		{5F4B01F5-29B1-4805-A3AE-C33A52C70338}.Debug|Any CPU.ActiveCfg = Debug|Any CPU
		{5F4B01F5-29B1-4805-A3AE-C33A52C70338}.Debug|Any CPU.Build.0 = Debug|Any CPU
		{5F4B01F5-29B1-4805-A3AE-C33A52C70338}.Release|Any CPU.ActiveCfg = Release|Any CPU
		{5F4B01F5-29B1-4805-A3AE-C33A52C70338}.Release|Any CPU.Build.0 = Release|Any CPU
		{AB67D0C5-434C-48F0-9F8F-9D7337D8F28E}.Debug|Any CPU.ActiveCfg = Debug|Any CPU
		{AB67D0C5-434C-48F0-9F8F-9D7337D8F28E}.Debug|Any CPU.Build.0 = Debug|Any CPU
		{AB67D0C5-434C-48F0-9F8F-9D7337D8F28E}.Release|Any CPU.ActiveCfg = Release|Any CPU
		{AB67D0C5-434C-48F0-9F8F-9D7337D8F28E}.Release|Any CPU.Build.0 = Release|Any CPU
		{C080F53E-A5F9-44FC-8434-96ABEFDC5F81}.Debug|Any CPU.ActiveCfg = Debug|Any CPU
		{C080F53E-A5F9-44FC-8434-96ABEFDC5F81}.Debug|Any CPU.Build.0 = Debug|Any CPU
		{C080F53E-A5F9-44FC-8434-96ABEFDC5F81}.Release|Any CPU.ActiveCfg = Release|Any CPU
		{C080F53E-A5F9-44FC-8434-96ABEFDC5F81}.Release|Any CPU.Build.0 = Release|Any CPU
		{37101CE5-384D-486E-B973-1E66469CD803}.Debug|Any CPU.ActiveCfg = Debug|Any CPU
		{37101CE5-384D-486E-B973-1E66469CD803}.Debug|Any CPU.Build.0 = Debug|Any CPU
		{37101CE5-384D-486E-B973-1E66469CD803}.Release|Any CPU.ActiveCfg = Release|Any CPU
		{37101CE5-384D-486E-B973-1E66469CD803}.Release|Any CPU.Build.0 = Release|Any CPU
		{C5CE51A2-4C08-45C1-9D01-541AFDE3015A}.Debug|Any CPU.ActiveCfg = Debug|Any CPU
		{C5CE51A2-4C08-45C1-9D01-541AFDE3015A}.Debug|Any CPU.Build.0 = Debug|Any CPU
		{C5CE51A2-4C08-45C1-9D01-541AFDE3015A}.Release|Any CPU.ActiveCfg = Release|Any CPU
		{C5CE51A2-4C08-45C1-9D01-541AFDE3015A}.Release|Any CPU.Build.0 = Release|Any CPU
		{AF7F1C72-D94A-493D-96B4-E27FA1DD2734}.Debug|Any CPU.ActiveCfg = Debug|Any CPU
		{AF7F1C72-D94A-493D-96B4-E27FA1DD2734}.Debug|Any CPU.Build.0 = Debug|Any CPU
		{AF7F1C72-D94A-493D-96B4-E27FA1DD2734}.Release|Any CPU.ActiveCfg = Release|Any CPU
		{AF7F1C72-D94A-493D-96B4-E27FA1DD2734}.Release|Any CPU.Build.0 = Release|Any CPU
		{CB23191C-12FC-48A8-BA9E-14812415B307}.Debug|Any CPU.ActiveCfg = Debug|Any CPU
		{CB23191C-12FC-48A8-BA9E-14812415B307}.Debug|Any CPU.Build.0 = Debug|Any CPU
		{CB23191C-12FC-48A8-BA9E-14812415B307}.Release|Any CPU.ActiveCfg = Release|Any CPU
		{CB23191C-12FC-48A8-BA9E-14812415B307}.Release|Any CPU.Build.0 = Release|Any CPU
		{F599EB67-40A9-41E5-8F04-7AE8499FD7DC}.Debug|Any CPU.ActiveCfg = Debug|Any CPU
		{F599EB67-40A9-41E5-8F04-7AE8499FD7DC}.Debug|Any CPU.Build.0 = Debug|Any CPU
		{F599EB67-40A9-41E5-8F04-7AE8499FD7DC}.Release|Any CPU.ActiveCfg = Release|Any CPU
		{F599EB67-40A9-41E5-8F04-7AE8499FD7DC}.Release|Any CPU.Build.0 = Release|Any CPU
		{EB511FDF-DD9D-4EED-97A2-6FE25C0BC515}.Debug|Any CPU.ActiveCfg = Debug|Any CPU
		{EB511FDF-DD9D-4EED-97A2-6FE25C0BC515}.Debug|Any CPU.Build.0 = Debug|Any CPU
		{EB511FDF-DD9D-4EED-97A2-6FE25C0BC515}.Release|Any CPU.ActiveCfg = Release|Any CPU
		{EB511FDF-DD9D-4EED-97A2-6FE25C0BC515}.Release|Any CPU.Build.0 = Release|Any CPU
		{6150C928-3482-440D-BFE2-9AC329EE0C7C}.Debug|Any CPU.ActiveCfg = Debug|Any CPU
		{6150C928-3482-440D-BFE2-9AC329EE0C7C}.Debug|Any CPU.Build.0 = Debug|Any CPU
		{6150C928-3482-440D-BFE2-9AC329EE0C7C}.Release|Any CPU.ActiveCfg = Release|Any CPU
		{6150C928-3482-440D-BFE2-9AC329EE0C7C}.Release|Any CPU.Build.0 = Release|Any CPU
		{734CE716-7F6C-467D-9518-9252C9FFAED8}.Debug|Any CPU.ActiveCfg = Debug|Any CPU
		{734CE716-7F6C-467D-9518-9252C9FFAED8}.Debug|Any CPU.Build.0 = Debug|Any CPU
		{734CE716-7F6C-467D-9518-9252C9FFAED8}.Release|Any CPU.ActiveCfg = Release|Any CPU
		{734CE716-7F6C-467D-9518-9252C9FFAED8}.Release|Any CPU.Build.0 = Release|Any CPU
		{2F76A93E-9DA6-457D-9AA5-3AE4B7F8E531}.Debug|Any CPU.ActiveCfg = Debug|Any CPU
		{2F76A93E-9DA6-457D-9AA5-3AE4B7F8E531}.Debug|Any CPU.Build.0 = Debug|Any CPU
		{2F76A93E-9DA6-457D-9AA5-3AE4B7F8E531}.Release|Any CPU.ActiveCfg = Release|Any CPU
		{2F76A93E-9DA6-457D-9AA5-3AE4B7F8E531}.Release|Any CPU.Build.0 = Release|Any CPU
		{3F7D80DE-DAC3-4AE4-833B-DE4DC915D6E8}.Debug|Any CPU.ActiveCfg = Debug|Any CPU
		{3F7D80DE-DAC3-4AE4-833B-DE4DC915D6E8}.Debug|Any CPU.Build.0 = Debug|Any CPU
		{3F7D80DE-DAC3-4AE4-833B-DE4DC915D6E8}.Release|Any CPU.ActiveCfg = Release|Any CPU
		{3F7D80DE-DAC3-4AE4-833B-DE4DC915D6E8}.Release|Any CPU.Build.0 = Release|Any CPU
		{28B32E2D-A163-4FC8-9B18-96C34BE394AF}.Debug|Any CPU.ActiveCfg = Debug|Any CPU
		{28B32E2D-A163-4FC8-9B18-96C34BE394AF}.Debug|Any CPU.Build.0 = Debug|Any CPU
		{28B32E2D-A163-4FC8-9B18-96C34BE394AF}.Release|Any CPU.ActiveCfg = Release|Any CPU
		{28B32E2D-A163-4FC8-9B18-96C34BE394AF}.Release|Any CPU.Build.0 = Release|Any CPU
		{94C2BDE6-10EE-4B00-92C1-F339D95B9C5D}.Debug|Any CPU.ActiveCfg = Debug|Any CPU
		{94C2BDE6-10EE-4B00-92C1-F339D95B9C5D}.Debug|Any CPU.Build.0 = Debug|Any CPU
		{94C2BDE6-10EE-4B00-92C1-F339D95B9C5D}.Release|Any CPU.ActiveCfg = Release|Any CPU
		{94C2BDE6-10EE-4B00-92C1-F339D95B9C5D}.Release|Any CPU.Build.0 = Release|Any CPU
		{5C51A2A8-4D81-4B88-9AF1-55BFB619DE5D}.Debug|Any CPU.ActiveCfg = Debug|Any CPU
		{5C51A2A8-4D81-4B88-9AF1-55BFB619DE5D}.Debug|Any CPU.Build.0 = Debug|Any CPU
		{5C51A2A8-4D81-4B88-9AF1-55BFB619DE5D}.Release|Any CPU.ActiveCfg = Release|Any CPU
		{5C51A2A8-4D81-4B88-9AF1-55BFB619DE5D}.Release|Any CPU.Build.0 = Release|Any CPU
		{B4232358-6E19-410C-8B78-2B04A1EC8E3A}.Debug|Any CPU.ActiveCfg = Debug|Any CPU
		{B4232358-6E19-410C-8B78-2B04A1EC8E3A}.Debug|Any CPU.Build.0 = Debug|Any CPU
		{B4232358-6E19-410C-8B78-2B04A1EC8E3A}.Release|Any CPU.ActiveCfg = Release|Any CPU
		{B4232358-6E19-410C-8B78-2B04A1EC8E3A}.Release|Any CPU.Build.0 = Release|Any CPU
		{8A6D9703-3C50-467C-9F5D-8835DF0C16BE}.Debug|Any CPU.ActiveCfg = Debug|Any CPU
		{8A6D9703-3C50-467C-9F5D-8835DF0C16BE}.Debug|Any CPU.Build.0 = Debug|Any CPU
		{8A6D9703-3C50-467C-9F5D-8835DF0C16BE}.Release|Any CPU.ActiveCfg = Release|Any CPU
		{8A6D9703-3C50-467C-9F5D-8835DF0C16BE}.Release|Any CPU.Build.0 = Release|Any CPU
		{FF016C4A-37A3-40A1-A077-370529144EB8}.Debug|Any CPU.ActiveCfg = Debug|Any CPU
		{FF016C4A-37A3-40A1-A077-370529144EB8}.Debug|Any CPU.Build.0 = Debug|Any CPU
		{FF016C4A-37A3-40A1-A077-370529144EB8}.Release|Any CPU.ActiveCfg = Release|Any CPU
		{FF016C4A-37A3-40A1-A077-370529144EB8}.Release|Any CPU.Build.0 = Release|Any CPU
		{EF146269-A32A-4C7D-A49D-3A6BD90FC09E}.Debug|Any CPU.ActiveCfg = Debug|Any CPU
		{EF146269-A32A-4C7D-A49D-3A6BD90FC09E}.Debug|Any CPU.Build.0 = Debug|Any CPU
		{EF146269-A32A-4C7D-A49D-3A6BD90FC09E}.Release|Any CPU.ActiveCfg = Release|Any CPU
		{EF146269-A32A-4C7D-A49D-3A6BD90FC09E}.Release|Any CPU.Build.0 = Release|Any CPU
		{E3CB758B-AEA9-4638-A6DE-0198FA537B1A}.Debug|Any CPU.ActiveCfg = Debug|Any CPU
		{E3CB758B-AEA9-4638-A6DE-0198FA537B1A}.Debug|Any CPU.Build.0 = Debug|Any CPU
		{E3CB758B-AEA9-4638-A6DE-0198FA537B1A}.Release|Any CPU.ActiveCfg = Release|Any CPU
		{E3CB758B-AEA9-4638-A6DE-0198FA537B1A}.Release|Any CPU.Build.0 = Release|Any CPU
		{C04BC33F-FA9D-4573-85F0-0A2B48ABFA64}.Debug|Any CPU.ActiveCfg = Debug|Any CPU
		{C04BC33F-FA9D-4573-85F0-0A2B48ABFA64}.Debug|Any CPU.Build.0 = Debug|Any CPU
		{C04BC33F-FA9D-4573-85F0-0A2B48ABFA64}.Release|Any CPU.ActiveCfg = Release|Any CPU
		{C04BC33F-FA9D-4573-85F0-0A2B48ABFA64}.Release|Any CPU.Build.0 = Release|Any CPU
		{C2DA5712-6DD8-4471-8717-6D50143696D0}.Debug|Any CPU.ActiveCfg = Debug|Any CPU
		{C2DA5712-6DD8-4471-8717-6D50143696D0}.Debug|Any CPU.Build.0 = Debug|Any CPU
		{C2DA5712-6DD8-4471-8717-6D50143696D0}.Release|Any CPU.ActiveCfg = Release|Any CPU
		{C2DA5712-6DD8-4471-8717-6D50143696D0}.Release|Any CPU.Build.0 = Release|Any CPU
		{173D7FD0-E6B0-4480-B977-4088F6F90377}.Debug|Any CPU.ActiveCfg = Debug|Any CPU
		{173D7FD0-E6B0-4480-B977-4088F6F90377}.Debug|Any CPU.Build.0 = Debug|Any CPU
		{173D7FD0-E6B0-4480-B977-4088F6F90377}.Release|Any CPU.ActiveCfg = Release|Any CPU
		{173D7FD0-E6B0-4480-B977-4088F6F90377}.Release|Any CPU.Build.0 = Release|Any CPU
		{BD098A8E-23C2-4C63-95F3-D288A46FE753}.Debug|Any CPU.ActiveCfg = Debug|Any CPU
		{BD098A8E-23C2-4C63-95F3-D288A46FE753}.Debug|Any CPU.Build.0 = Debug|Any CPU
		{BD098A8E-23C2-4C63-95F3-D288A46FE753}.Release|Any CPU.ActiveCfg = Release|Any CPU
		{BD098A8E-23C2-4C63-95F3-D288A46FE753}.Release|Any CPU.Build.0 = Release|Any CPU
		{BC5E9AD8-8DAD-4D3E-9832-41DFFDEFBF3D}.Debug|Any CPU.ActiveCfg = Debug|Any CPU
		{BC5E9AD8-8DAD-4D3E-9832-41DFFDEFBF3D}.Debug|Any CPU.Build.0 = Debug|Any CPU
		{BC5E9AD8-8DAD-4D3E-9832-41DFFDEFBF3D}.Release|Any CPU.ActiveCfg = Release|Any CPU
		{BC5E9AD8-8DAD-4D3E-9832-41DFFDEFBF3D}.Release|Any CPU.Build.0 = Release|Any CPU
		{8385134A-C9CA-454D-98DF-2E63AA49A170}.Debug|Any CPU.ActiveCfg = Debug|Any CPU
		{8385134A-C9CA-454D-98DF-2E63AA49A170}.Debug|Any CPU.Build.0 = Debug|Any CPU
		{8385134A-C9CA-454D-98DF-2E63AA49A170}.Release|Any CPU.ActiveCfg = Release|Any CPU
		{8385134A-C9CA-454D-98DF-2E63AA49A170}.Release|Any CPU.Build.0 = Release|Any CPU
		{D26F68FF-CBB9-4212-AD45-A4168AE31D5A}.Debug|Any CPU.ActiveCfg = Debug|Any CPU
		{D26F68FF-CBB9-4212-AD45-A4168AE31D5A}.Debug|Any CPU.Build.0 = Debug|Any CPU
		{D26F68FF-CBB9-4212-AD45-A4168AE31D5A}.Release|Any CPU.ActiveCfg = Release|Any CPU
		{D26F68FF-CBB9-4212-AD45-A4168AE31D5A}.Release|Any CPU.Build.0 = Release|Any CPU
		{357375DC-C4FC-46FC-AD3E-F8F724E349CD}.Debug|Any CPU.ActiveCfg = Debug|Any CPU
		{357375DC-C4FC-46FC-AD3E-F8F724E349CD}.Debug|Any CPU.Build.0 = Debug|Any CPU
		{357375DC-C4FC-46FC-AD3E-F8F724E349CD}.Release|Any CPU.ActiveCfg = Release|Any CPU
		{357375DC-C4FC-46FC-AD3E-F8F724E349CD}.Release|Any CPU.Build.0 = Release|Any CPU
		{A45464CB-48CD-4458-85DF-B107B11F98CB}.Debug|Any CPU.ActiveCfg = Debug|Any CPU
		{A45464CB-48CD-4458-85DF-B107B11F98CB}.Debug|Any CPU.Build.0 = Debug|Any CPU
		{A45464CB-48CD-4458-85DF-B107B11F98CB}.Release|Any CPU.ActiveCfg = Release|Any CPU
		{A45464CB-48CD-4458-85DF-B107B11F98CB}.Release|Any CPU.Build.0 = Release|Any CPU
		{765D9CC7-F2D5-4C24-9478-BCBBAB762A8F}.Debug|Any CPU.ActiveCfg = Debug|Any CPU
		{765D9CC7-F2D5-4C24-9478-BCBBAB762A8F}.Debug|Any CPU.Build.0 = Debug|Any CPU
		{765D9CC7-F2D5-4C24-9478-BCBBAB762A8F}.Release|Any CPU.ActiveCfg = Release|Any CPU
		{765D9CC7-F2D5-4C24-9478-BCBBAB762A8F}.Release|Any CPU.Build.0 = Release|Any CPU
		{60CA8BCD-A1A3-4F63-8BE3-1E72630E6928}.Debug|Any CPU.ActiveCfg = Debug|Any CPU
		{60CA8BCD-A1A3-4F63-8BE3-1E72630E6928}.Debug|Any CPU.Build.0 = Debug|Any CPU
		{60CA8BCD-A1A3-4F63-8BE3-1E72630E6928}.Release|Any CPU.ActiveCfg = Release|Any CPU
		{60CA8BCD-A1A3-4F63-8BE3-1E72630E6928}.Release|Any CPU.Build.0 = Release|Any CPU
		{C6883327-0851-4FAC-ADB2-430019CCF4C8}.Debug|Any CPU.ActiveCfg = Debug|Any CPU
		{C6883327-0851-4FAC-ADB2-430019CCF4C8}.Debug|Any CPU.Build.0 = Debug|Any CPU
		{C6883327-0851-4FAC-ADB2-430019CCF4C8}.Release|Any CPU.ActiveCfg = Release|Any CPU
		{C6883327-0851-4FAC-ADB2-430019CCF4C8}.Release|Any CPU.Build.0 = Release|Any CPU
		{4A1C9AD2-08B7-4F97-BC72-C94E930FE5DE}.Debug|Any CPU.ActiveCfg = Debug|Any CPU
		{4A1C9AD2-08B7-4F97-BC72-C94E930FE5DE}.Debug|Any CPU.Build.0 = Debug|Any CPU
		{4A1C9AD2-08B7-4F97-BC72-C94E930FE5DE}.Release|Any CPU.ActiveCfg = Release|Any CPU
		{4A1C9AD2-08B7-4F97-BC72-C94E930FE5DE}.Release|Any CPU.Build.0 = Release|Any CPU
		{E942FDA9-016A-4A38-B70B-AB69540AAD2F}.Debug|Any CPU.ActiveCfg = Debug|Any CPU
		{E942FDA9-016A-4A38-B70B-AB69540AAD2F}.Debug|Any CPU.Build.0 = Debug|Any CPU
		{E942FDA9-016A-4A38-B70B-AB69540AAD2F}.Release|Any CPU.ActiveCfg = Release|Any CPU
		{E942FDA9-016A-4A38-B70B-AB69540AAD2F}.Release|Any CPU.Build.0 = Release|Any CPU
		{913D499B-ACEB-449D-AE04-97D9F5FA7EA4}.Debug|Any CPU.ActiveCfg = Debug|Any CPU
		{913D499B-ACEB-449D-AE04-97D9F5FA7EA4}.Debug|Any CPU.Build.0 = Debug|Any CPU
		{913D499B-ACEB-449D-AE04-97D9F5FA7EA4}.Release|Any CPU.ActiveCfg = Release|Any CPU
		{913D499B-ACEB-449D-AE04-97D9F5FA7EA4}.Release|Any CPU.Build.0 = Release|Any CPU
		{DACDC743-18C9-4C1E-BF9E-0DFF4D4AAD5C}.Debug|Any CPU.ActiveCfg = Debug|Any CPU
		{DACDC743-18C9-4C1E-BF9E-0DFF4D4AAD5C}.Debug|Any CPU.Build.0 = Debug|Any CPU
		{DACDC743-18C9-4C1E-BF9E-0DFF4D4AAD5C}.Release|Any CPU.ActiveCfg = Release|Any CPU
		{DACDC743-18C9-4C1E-BF9E-0DFF4D4AAD5C}.Release|Any CPU.Build.0 = Release|Any CPU
		{F0CA979F-4514-4355-9441-80D2F5D50DCF}.Debug|Any CPU.ActiveCfg = Debug|Any CPU
		{F0CA979F-4514-4355-9441-80D2F5D50DCF}.Debug|Any CPU.Build.0 = Debug|Any CPU
		{F0CA979F-4514-4355-9441-80D2F5D50DCF}.Release|Any CPU.ActiveCfg = Release|Any CPU
		{F0CA979F-4514-4355-9441-80D2F5D50DCF}.Release|Any CPU.Build.0 = Release|Any CPU
		{AAE37DF7-0AC0-4A77-9779-BFAB44E9844E}.Debug|Any CPU.ActiveCfg = Debug|Any CPU
		{AAE37DF7-0AC0-4A77-9779-BFAB44E9844E}.Debug|Any CPU.Build.0 = Debug|Any CPU
		{AAE37DF7-0AC0-4A77-9779-BFAB44E9844E}.Release|Any CPU.ActiveCfg = Release|Any CPU
		{AAE37DF7-0AC0-4A77-9779-BFAB44E9844E}.Release|Any CPU.Build.0 = Release|Any CPU
		{7350BEA1-FA58-48F1-AA93-32A8AE533063}.Debug|Any CPU.ActiveCfg = Debug|Any CPU
		{7350BEA1-FA58-48F1-AA93-32A8AE533063}.Debug|Any CPU.Build.0 = Debug|Any CPU
		{7350BEA1-FA58-48F1-AA93-32A8AE533063}.Release|Any CPU.ActiveCfg = Release|Any CPU
		{7350BEA1-FA58-48F1-AA93-32A8AE533063}.Release|Any CPU.Build.0 = Release|Any CPU
		{59F7B092-906B-470E-95E8-6547DB0A5B6A}.Debug|Any CPU.ActiveCfg = Debug|Any CPU
		{59F7B092-906B-470E-95E8-6547DB0A5B6A}.Debug|Any CPU.Build.0 = Debug|Any CPU
		{59F7B092-906B-470E-95E8-6547DB0A5B6A}.Release|Any CPU.ActiveCfg = Release|Any CPU
		{59F7B092-906B-470E-95E8-6547DB0A5B6A}.Release|Any CPU.Build.0 = Release|Any CPU
		{3A23EB45-87B3-458A-BA46-5D5EE712AC79}.Debug|Any CPU.ActiveCfg = Debug|Any CPU
		{3A23EB45-87B3-458A-BA46-5D5EE712AC79}.Debug|Any CPU.Build.0 = Debug|Any CPU
		{3A23EB45-87B3-458A-BA46-5D5EE712AC79}.Release|Any CPU.ActiveCfg = Release|Any CPU
		{3A23EB45-87B3-458A-BA46-5D5EE712AC79}.Release|Any CPU.Build.0 = Release|Any CPU
		{9C5186CA-74FF-4357-8FC7-C121ADBC0F7A}.Debug|Any CPU.ActiveCfg = Debug|Any CPU
		{9C5186CA-74FF-4357-8FC7-C121ADBC0F7A}.Debug|Any CPU.Build.0 = Debug|Any CPU
		{9C5186CA-74FF-4357-8FC7-C121ADBC0F7A}.Release|Any CPU.ActiveCfg = Release|Any CPU
		{9C5186CA-74FF-4357-8FC7-C121ADBC0F7A}.Release|Any CPU.Build.0 = Release|Any CPU
		{7066DBD7-CC15-4AEE-BF4A-516E486EFCE3}.Debug|Any CPU.ActiveCfg = Debug|Any CPU
		{7066DBD7-CC15-4AEE-BF4A-516E486EFCE3}.Debug|Any CPU.Build.0 = Debug|Any CPU
		{7066DBD7-CC15-4AEE-BF4A-516E486EFCE3}.Release|Any CPU.ActiveCfg = Release|Any CPU
		{7066DBD7-CC15-4AEE-BF4A-516E486EFCE3}.Release|Any CPU.Build.0 = Release|Any CPU
		{4B610112-5E65-4BF2-95CC-5E5D6C5EB1BE}.Debug|Any CPU.ActiveCfg = Debug|Any CPU
		{4B610112-5E65-4BF2-95CC-5E5D6C5EB1BE}.Debug|Any CPU.Build.0 = Debug|Any CPU
		{4B610112-5E65-4BF2-95CC-5E5D6C5EB1BE}.Release|Any CPU.ActiveCfg = Release|Any CPU
		{4B610112-5E65-4BF2-95CC-5E5D6C5EB1BE}.Release|Any CPU.Build.0 = Release|Any CPU
		{90A9999B-D66A-45EF-B492-129A948D033D}.Debug|Any CPU.ActiveCfg = Debug|Any CPU
		{90A9999B-D66A-45EF-B492-129A948D033D}.Debug|Any CPU.Build.0 = Debug|Any CPU
		{90A9999B-D66A-45EF-B492-129A948D033D}.Release|Any CPU.ActiveCfg = Release|Any CPU
		{90A9999B-D66A-45EF-B492-129A948D033D}.Release|Any CPU.Build.0 = Release|Any CPU
	EndGlobalSection
	GlobalSection(SolutionProperties) = preSolution
		HideSolutionNode = FALSE
	EndGlobalSection
	GlobalSection(NestedProjects) = preSolution
		{5B5BE944-2B22-4E47-B358-52F7FD673DFF} = {3D4687C3-B58E-4ECB-A084-3CE661B6F3A7}
		{C5C8F82C-1094-4CE8-9FD4-C4791AC9223F} = {3D4687C3-B58E-4ECB-A084-3CE661B6F3A7}
		{7034DCBA-0BD3-4F81-8ABA-C9D780979430} = {3D4687C3-B58E-4ECB-A084-3CE661B6F3A7}
		{5F23F16E-702E-453E-96C2-BCAA2364FC40} = {3D4687C3-B58E-4ECB-A084-3CE661B6F3A7}
		{D94B0D42-7051-4D00-863F-4B6B0C2E9E05} = {3D4687C3-B58E-4ECB-A084-3CE661B6F3A7}
		{616D274D-004E-4CDD-9732-AB2E34954BA7} = {3D4687C3-B58E-4ECB-A084-3CE661B6F3A7}
		{5F4B01F5-29B1-4805-A3AE-C33A52C70338} = {616D274D-004E-4CDD-9732-AB2E34954BA7}
		{AB67D0C5-434C-48F0-9F8F-9D7337D8F28E} = {7DD8BF9B-56D4-4C34-B92A-AFCFB6383C69}
		{C080F53E-A5F9-44FC-8434-96ABEFDC5F81} = {7DD8BF9B-56D4-4C34-B92A-AFCFB6383C69}
		{37101CE5-384D-486E-B973-1E66469CD803} = {7DD8BF9B-56D4-4C34-B92A-AFCFB6383C69}
		{C5CE51A2-4C08-45C1-9D01-541AFDE3015A} = {6CCDBD32-8FA7-4810-BD0E-9826C554C44D}
		{AF7F1C72-D94A-493D-96B4-E27FA1DD2734} = {CECD9933-9804-47CF-ABBD-4910BA27F67F}
		{CB23191C-12FC-48A8-BA9E-14812415B307} = {CECD9933-9804-47CF-ABBD-4910BA27F67F}
		{F599EB67-40A9-41E5-8F04-7AE8499FD7DC} = {CECD9933-9804-47CF-ABBD-4910BA27F67F}
		{EB511FDF-DD9D-4EED-97A2-6FE25C0BC515} = {BED21C9E-707C-450E-9046-ABCE69041251}
		{6150C928-3482-440D-BFE2-9AC329EE0C7C} = {BED21C9E-707C-450E-9046-ABCE69041251}
		{734CE716-7F6C-467D-9518-9252C9FFAED8} = {BED21C9E-707C-450E-9046-ABCE69041251}
		{2F76A93E-9DA6-457D-9AA5-3AE4B7F8E531} = {BED21C9E-707C-450E-9046-ABCE69041251}
		{3F7D80DE-DAC3-4AE4-833B-DE4DC915D6E8} = {BED21C9E-707C-450E-9046-ABCE69041251}
		{28B32E2D-A163-4FC8-9B18-96C34BE394AF} = {BED21C9E-707C-450E-9046-ABCE69041251}
		{94C2BDE6-10EE-4B00-92C1-F339D95B9C5D} = {BED21C9E-707C-450E-9046-ABCE69041251}
		{5C51A2A8-4D81-4B88-9AF1-55BFB619DE5D} = {BED21C9E-707C-450E-9046-ABCE69041251}
		{B4232358-6E19-410C-8B78-2B04A1EC8E3A} = {BED21C9E-707C-450E-9046-ABCE69041251}
		{8A6D9703-3C50-467C-9F5D-8835DF0C16BE} = {BED21C9E-707C-450E-9046-ABCE69041251}
		{FF016C4A-37A3-40A1-A077-370529144EB8} = {BED21C9E-707C-450E-9046-ABCE69041251}
		{EF146269-A32A-4C7D-A49D-3A6BD90FC09E} = {BED21C9E-707C-450E-9046-ABCE69041251}
		{E3CB758B-AEA9-4638-A6DE-0198FA537B1A} = {7EDB5F3E-2B9A-43B9-BCAC-86DBA85F612D}
		{C04BC33F-FA9D-4573-85F0-0A2B48ABFA64} = {7EDB5F3E-2B9A-43B9-BCAC-86DBA85F612D}
		{C2DA5712-6DD8-4471-8717-6D50143696D0} = {7EDB5F3E-2B9A-43B9-BCAC-86DBA85F612D}
		{173D7FD0-E6B0-4480-B977-4088F6F90377} = {7EDB5F3E-2B9A-43B9-BCAC-86DBA85F612D}
		{BD098A8E-23C2-4C63-95F3-D288A46FE753} = {7EDB5F3E-2B9A-43B9-BCAC-86DBA85F612D}
		{BC5E9AD8-8DAD-4D3E-9832-41DFFDEFBF3D} = {7EDB5F3E-2B9A-43B9-BCAC-86DBA85F612D}
		{8385134A-C9CA-454D-98DF-2E63AA49A170} = {7EDB5F3E-2B9A-43B9-BCAC-86DBA85F612D}
		{D26F68FF-CBB9-4212-AD45-A4168AE31D5A} = {7EDB5F3E-2B9A-43B9-BCAC-86DBA85F612D}
		{357375DC-C4FC-46FC-AD3E-F8F724E349CD} = {7EDB5F3E-2B9A-43B9-BCAC-86DBA85F612D}
		{A45464CB-48CD-4458-85DF-B107B11F98CB} = {7EDB5F3E-2B9A-43B9-BCAC-86DBA85F612D}
		{765D9CC7-F2D5-4C24-9478-BCBBAB762A8F} = {6CCDBD32-8FA7-4810-BD0E-9826C554C44D}
		{60CA8BCD-A1A3-4F63-8BE3-1E72630E6928} = {6CCDBD32-8FA7-4810-BD0E-9826C554C44D}
		{C6883327-0851-4FAC-ADB2-430019CCF4C8} = {6CCDBD32-8FA7-4810-BD0E-9826C554C44D}
		{4A1C9AD2-08B7-4F97-BC72-C94E930FE5DE} = {89B95240-EB8F-42A6-97B0-F2340B0CC1D7}
		{E942FDA9-016A-4A38-B70B-AB69540AAD2F} = {AFA5FB38-7A1D-4B38-935D-3D90A130BFA6}
		{913D499B-ACEB-449D-AE04-97D9F5FA7EA4} = {AFA5FB38-7A1D-4B38-935D-3D90A130BFA6}
		{DACDC743-18C9-4C1E-BF9E-0DFF4D4AAD5C} = {89B95240-EB8F-42A6-97B0-F2340B0CC1D7}
		{F0CA979F-4514-4355-9441-80D2F5D50DCF} = {7EDB5F3E-2B9A-43B9-BCAC-86DBA85F612D}
		{AAE37DF7-0AC0-4A77-9779-BFAB44E9844E} = {CFA6FE61-898A-414D-95DC-D5BF81FC21B8}
		{7350BEA1-FA58-48F1-AA93-32A8AE533063} = {CB9DB4D9-3876-4FDB-8291-E8EE91212ED1}
		{59F7B092-906B-470E-95E8-6547DB0A5B6A} = {CB9DB4D9-3876-4FDB-8291-E8EE91212ED1}
		{3A23EB45-87B3-458A-BA46-5D5EE712AC79} = {4A40E3F0-DB68-4BC8-BD99-2FEAEA716F22}
		{9C5186CA-74FF-4357-8FC7-C121ADBC0F7A} = {4A40E3F0-DB68-4BC8-BD99-2FEAEA716F22}
		{7066DBD7-CC15-4AEE-BF4A-516E486EFCE3} = {4A40E3F0-DB68-4BC8-BD99-2FEAEA716F22}
		{4B610112-5E65-4BF2-95CC-5E5D6C5EB1BE} = {4A40E3F0-DB68-4BC8-BD99-2FEAEA716F22}
		{90A9999B-D66A-45EF-B492-129A948D033D} = {BA971AC8-DEDE-47F0-8F49-70299A2062BF}
	EndGlobalSection
	GlobalSection(ExtensibilityGlobals) = postSolution
		SolutionGuid = {ECEBA34A-57D2-4D7E-AC73-655650BE7114}
	EndGlobalSection
EndGlobal
